
Microsoft Visual Studio Solution File, Format Version 12.00
# Visual Studio Version 17
VisualStudioVersion = 17.14.36717.8 d17.14
MinimumVisualStudioVersion = 10.0.40219.1
Project("{8BC9CEB8-8B4A-11D0-8D11-00A0C91BC942}") = "test12_12", "test12_12\test12_12.vcxproj", "{4D7BE53A-E946-4CF7-AA4E-C08504BAFB3C}"
EndProject
Global
	GlobalSection(SolutionConfigurationPlatforms) = preSolution
		Debug|x64 = Debug|x64
		Debug|x86 = Debug|x86
		Release|x64 = Release|x64
		Release|x86 = Release|x86
	EndGlobalSection
	GlobalSection(ProjectConfigurationPlatforms) = postSolution
		{4D7BE53A-E946-4CF7-AA4E-C08504BAFB3C}.Debug|x64.ActiveCfg = Debug|x64
		{4D7BE53A-E946-4CF7-AA4E-C08504BAFB3C}.Debug|x64.Build.0 = Debug|x64
		{4D7BE53A-E946-4CF7-AA4E-C08504BAFB3C}.Debug|x86.ActiveCfg = Debug|Win32
		{4D7BE53A-E946-4CF7-AA4E-C08504BAFB3C}.Debug|x86.Build.0 = Debug|Win32
		{4D7BE53A-E946-4CF7-AA4E-C08504BAFB3C}.Release|x64.ActiveCfg = Release|x64
		{4D7BE53A-E946-4CF7-AA4E-C08504BAFB3C}.Release|x64.Build.0 = Release|x64
		{4D7BE53A-E946-4CF7-AA4E-C08504BAFB3C}.Release|x86.ActiveCfg = Release|Win32
		{4D7BE53A-E946-4CF7-AA4E-C08504BAFB3C}.Release|x86.Build.0 = Release|Win32
	EndGlobalSection
	GlobalSection(SolutionProperties) = preSolution
		HideSolutionNode = FALSE
	EndGlobalSection
	GlobalSection(ExtensibilityGlobals) = postSolution
		SolutionGuid = {AC0BBD9A-C1E8-45A0-B1F1-607AD1261E3A}
	EndGlobalSection
EndGlobal
