
Microsoft Visual Studio Solution File, Format Version 12.00
# Visual Studio Version 17
VisualStudioVersion = 17.14.36717.8 d17.14
MinimumVisualStudioVersion = 10.0.40219.1
Project("{8BC9CEB8-8B4A-11D0-8D11-00A0C91BC942}") = "Contact", "Contact\Contact.vcxproj", "{AC8D216B-4D95-436F-8FE5-9457776DAD76}"
EndProject
Global
	GlobalSection(SolutionConfigurationPlatforms) = preSolution
		Debug|x64 = Debug|x64
		Debug|x86 = Debug|x86
		Release|x64 = Release|x64
		Release|x86 = Release|x86
	EndGlobalSection
	GlobalSection(ProjectConfigurationPlatforms) = postSolution
		{AC8D216B-4D95-436F-8FE5-9457776DAD76}.Debug|x64.ActiveCfg = Debug|x64
		{AC8D216B-4D95-436F-8FE5-9457776DAD76}.Debug|x64.Build.0 = Debug|x64
		{AC8D216B-4D95-436F-8FE5-9457776DAD76}.Debug|x86.ActiveCfg = Debug|Win32
		{AC8D216B-4D95-436F-8FE5-9457776DAD76}.Debug|x86.Build.0 = Debug|Win32
		{AC8D216B-4D95-436F-8FE5-9457776DAD76}.Release|x64.ActiveCfg = Release|x64
		{AC8D216B-4D95-436F-8FE5-9457776DAD76}.Release|x64.Build.0 = Release|x64
		{AC8D216B-4D95-436F-8FE5-9457776DAD76}.Release|x86.ActiveCfg = Release|Win32
		{AC8D216B-4D95-436F-8FE5-9457776DAD76}.Release|x86.Build.0 = Release|Win32
	EndGlobalSection
	GlobalSection(SolutionProperties) = preSolution
		HideSolutionNode = FALSE
	EndGlobalSection
	GlobalSection(ExtensibilityGlobals) = postSolution
		SolutionGuid = {F15D8B29-7D7D-48E9-AD91-645273A345D2}
	EndGlobalSection
EndGlobal
