
Microsoft Visual Studio Solution File, Format Version 12.00
# Visual Studio Version 17
VisualStudioVersion = 17.14.36717.8 d17.14
MinimumVisualStudioVersion = 10.0.40219.1
Project("{8BC9CEB8-8B4A-11D0-8D11-00A0C91BC942}") = "test12_16", "test12_16\test12_16.vcxproj", "{43ADB5F0-8257-48D6-BCD2-60556A43C468}"
EndProject
Global
	GlobalSection(SolutionConfigurationPlatforms) = preSolution
		Debug|x64 = Debug|x64
		Debug|x86 = Debug|x86
		Release|x64 = Release|x64
		Release|x86 = Release|x86
	EndGlobalSection
	GlobalSection(ProjectConfigurationPlatforms) = postSolution
		{43ADB5F0-8257-48D6-BCD2-60556A43C468}.Debug|x64.ActiveCfg = Debug|x64
		{43ADB5F0-8257-48D6-BCD2-60556A43C468}.Debug|x64.Build.0 = Debug|x64
		{43ADB5F0-8257-48D6-BCD2-60556A43C468}.Debug|x86.ActiveCfg = Debug|Win32
		{43ADB5F0-8257-48D6-BCD2-60556A43C468}.Debug|x86.Build.0 = Debug|Win32
		{43ADB5F0-8257-48D6-BCD2-60556A43C468}.Release|x64.ActiveCfg = Release|x64
		{43ADB5F0-8257-48D6-BCD2-60556A43C468}.Release|x64.Build.0 = Release|x64
		{43ADB5F0-8257-48D6-BCD2-60556A43C468}.Release|x86.ActiveCfg = Release|Win32
		{43ADB5F0-8257-48D6-BCD2-60556A43C468}.Release|x86.Build.0 = Release|Win32
	EndGlobalSection
	GlobalSection(SolutionProperties) = preSolution
		HideSolutionNode = FALSE
	EndGlobalSection
	GlobalSection(ExtensibilityGlobals) = postSolution
		SolutionGuid = {E41CD324-B783-46FB-833C-8DC4D35025F5}
	EndGlobalSection
EndGlobal
