
Microsoft Visual Studio Solution File, Format Version 12.00
# Visual Studio Version 17
VisualStudioVersion = 17.14.36717.8 d17.14
MinimumVisualStudioVersion = 10.0.40219.1
Project("{8BC9CEB8-8B4A-11D0-8D11-00A0C91BC942}") = "test12_10", "test12_10.vcxproj", "{979FB90F-9126-4C7B-8A5B-F57D3713345A}"
EndProject
Global
	GlobalSection(SolutionConfigurationPlatforms) = preSolution
		Debug|x64 = Debug|x64
		Debug|x86 = Debug|x86
		Release|x64 = Release|x64
		Release|x86 = Release|x86
	EndGlobalSection
	GlobalSection(ProjectConfigurationPlatforms) = postSolution
		{979FB90F-9126-4C7B-8A5B-F57D3713345A}.Debug|x64.ActiveCfg = Debug|x64
		{979FB90F-9126-4C7B-8A5B-F57D3713345A}.Debug|x64.Build.0 = Debug|x64
		{979FB90F-9126-4C7B-8A5B-F57D3713345A}.Debug|x86.ActiveCfg = Debug|Win32
		{979FB90F-9126-4C7B-8A5B-F57D3713345A}.Debug|x86.Build.0 = Debug|Win32
		{979FB90F-9126-4C7B-8A5B-F57D3713345A}.Release|x64.ActiveCfg = Release|x64
		{979FB90F-9126-4C7B-8A5B-F57D3713345A}.Release|x64.Build.0 = Release|x64
		{979FB90F-9126-4C7B-8A5B-F57D3713345A}.Release|x86.ActiveCfg = Release|Win32
		{979FB90F-9126-4C7B-8A5B-F57D3713345A}.Release|x86.Build.0 = Release|Win32
	EndGlobalSection
	GlobalSection(SolutionProperties) = preSolution
		HideSolutionNode = FALSE
	EndGlobalSection
	GlobalSection(ExtensibilityGlobals) = postSolution
		SolutionGuid = {D6FE2F40-34D8-4EDD-BA98-C7DCB0976136}
	EndGlobalSection
EndGlobal
